
Microsoft Visual Studio Solution File, Format Version 12.00
# Visual Studio Version 16
VisualStudioVersion = 16.0.31624.102
MinimumVisualStudioVersion = 10.0.40219.1
Project("{FAE04EC0-301F-11D3-BF4B-00C04F79EFBC}") = "Bug Management App", "Bug Management App\Bug Management App.csproj", "{50D86F8E-18A5-4D28-A700-12D25FAAA78D}"
EndProject
Global
	GlobalSection(SolutionConfigurationPlatforms) = preSolution
		Debug|Any CPU = Debug|Any CPU
		Release|Any CPU = Release|Any CPU
	EndGlobalSection
	GlobalSection(ProjectConfigurationPlatforms) = postSolution
		{50D86F8E-18A5-4D28-A700-12D25FAAA78D}.Debug|Any CPU.ActiveCfg = Debug|Any CPU
		{50D86F8E-18A5-4D28-A700-12D25FAAA78D}.Debug|Any CPU.Build.0 = Debug|Any CPU
		{50D86F8E-18A5-4D28-A700-12D25FAAA78D}.Release|Any CPU.ActiveCfg = Release|Any CPU
		{50D86F8E-18A5-4D28-A700-12D25FAAA78D}.Release|Any CPU.Build.0 = Release|Any CPU
	EndGlobalSection
	GlobalSection(SolutionProperties) = preSolution
		HideSolutionNode = FALSE
	EndGlobalSection
	GlobalSection(ExtensibilityGlobals) = postSolution
		SolutionGuid = {FE13FD2B-35D0-4173-8659-AC4995C77964}
	EndGlobalSection
EndGlobal
