
Microsoft Visual Studio Solution File, Format Version 12.00
# Visual Studio Version 16
VisualStudioVersion = 16.0.31624.102
MinimumVisualStudioVersion = 10.0.40219.1
Project("{FAE04EC0-301F-11D3-BF4B-00C04F79EFBC}") = "Bug Management App", "Bug Management App\Bug Management App.csproj", "{9C48E0D6-5A13-442E-85D6-8D37EE910921}"
EndProject
Global
	GlobalSection(SolutionConfigurationPlatforms) = preSolution
		Debug|Any CPU = Debug|Any CPU
		Release|Any CPU = Release|Any CPU
	EndGlobalSection
	GlobalSection(ProjectConfigurationPlatforms) = postSolution
		{9C48E0D6-5A13-442E-85D6-8D37EE910921}.Debug|Any CPU.ActiveCfg = Debug|Any CPU
		{9C48E0D6-5A13-442E-85D6-8D37EE910921}.Debug|Any CPU.Build.0 = Debug|Any CPU
		{9C48E0D6-5A13-442E-85D6-8D37EE910921}.Release|Any CPU.ActiveCfg = Release|Any CPU
		{9C48E0D6-5A13-442E-85D6-8D37EE910921}.Release|Any CPU.Build.0 = Release|Any CPU
	EndGlobalSection
	GlobalSection(SolutionProperties) = preSolution
		HideSolutionNode = FALSE
	EndGlobalSection
	GlobalSection(ExtensibilityGlobals) = postSolution
		SolutionGuid = {50C00BB1-46D9-43B3-8F43-2B3A95169D70}
	EndGlobalSection
EndGlobal
